
Microsoft Visual Studio Solution File, Format Version 12.00
# Visual Studio Version 17
VisualStudioVersion = 17.0.31903.59
MinimumVisualStudioVersion = 10.0.40219.1
Project("{FAE04EC0-301F-11D3-BF4B-00C04F79EFBC}") = "StoreApp", "StoreApp\StoreApp.csproj", "{6B2DBC34-54B5-4BC1-BD7E-A61ACB4191A3}"
EndProject
Project("{FAE04EC0-301F-11D3-BF4B-00C04F79EFBC}") = "Entities", "Entities\Entities.csproj", "{A381F0AE-C6A3-4E78-B90F-A28AE2D2531B}"
EndProject
Project("{FAE04EC0-301F-11D3-BF4B-00C04F79EFBC}") = "Repositories", "Repositories\Repositories.csproj", "{2B2BF1ED-5236-4E53-A6EC-BC58555EA848}"
EndProject
Project("{FAE04EC0-301F-11D3-BF4B-00C04F79EFBC}") = "Services", "Services\Services.csproj", "{8495E347-FB3F-4E5E-9BA5-BCD7A6B724E2}"
EndProject
Global
	GlobalSection(SolutionConfigurationPlatforms) = preSolution
		Debug|Any CPU = Debug|Any CPU
		Release|Any CPU = Release|Any CPU
	EndGlobalSection
	GlobalSection(SolutionProperties) = preSolution
		HideSolutionNode = FALSE
	EndGlobalSection
	GlobalSection(ProjectConfigurationPlatforms) = postSolution
		{6B2DBC34-54B5-4BC1-BD7E-A61ACB4191A3}.Debug|Any CPU.ActiveCfg = Debug|Any CPU
		{6B2DBC34-54B5-4BC1-BD7E-A61ACB4191A3}.Debug|Any CPU.Build.0 = Debug|Any CPU
		{6B2DBC34-54B5-4BC1-BD7E-A61ACB4191A3}.Release|Any CPU.ActiveCfg = Release|Any CPU
		{6B2DBC34-54B5-4BC1-BD7E-A61ACB4191A3}.Release|Any CPU.Build.0 = Release|Any CPU
		{A381F0AE-C6A3-4E78-B90F-A28AE2D2531B}.Debug|Any CPU.ActiveCfg = Debug|Any CPU
		{A381F0AE-C6A3-4E78-B90F-A28AE2D2531B}.Debug|Any CPU.Build.0 = Debug|Any CPU
		{A381F0AE-C6A3-4E78-B90F-A28AE2D2531B}.Release|Any CPU.ActiveCfg = Release|Any CPU
		{A381F0AE-C6A3-4E78-B90F-A28AE2D2531B}.Release|Any CPU.Build.0 = Release|Any CPU
		{2B2BF1ED-5236-4E53-A6EC-BC58555EA848}.Debug|Any CPU.ActiveCfg = Debug|Any CPU
		{2B2BF1ED-5236-4E53-A6EC-BC58555EA848}.Debug|Any CPU.Build.0 = Debug|Any CPU
		{2B2BF1ED-5236-4E53-A6EC-BC58555EA848}.Release|Any CPU.ActiveCfg = Release|Any CPU
		{2B2BF1ED-5236-4E53-A6EC-BC58555EA848}.Release|Any CPU.Build.0 = Release|Any CPU
		{8495E347-FB3F-4E5E-9BA5-BCD7A6B724E2}.Debug|Any CPU.ActiveCfg = Debug|Any CPU
		{8495E347-FB3F-4E5E-9BA5-BCD7A6B724E2}.Debug|Any CPU.Build.0 = Debug|Any CPU
		{8495E347-FB3F-4E5E-9BA5-BCD7A6B724E2}.Release|Any CPU.ActiveCfg = Release|Any CPU
		{8495E347-FB3F-4E5E-9BA5-BCD7A6B724E2}.Release|Any CPU.Build.0 = Release|Any CPU
	EndGlobalSection
EndGlobal
